
Microsoft Visual Studio Solution File, Format Version 12.00
# Visual Studio Version 16
VisualStudioVersion = 16.0.30709.132
MinimumVisualStudioVersion = 10.0.40219.1
Project("{9A19103F-16F7-4668-BE54-9A1E7A4F7556}") = "confusion.matrix.lib", "confusion.matrix.lib.csproj", "{4252CA07-DFD3-43E9-9FEA-ECC3A60ABCBF}"
EndProject
Project("{9A19103F-16F7-4668-BE54-9A1E7A4F7556}") = "confusion.matrix.tests", "..\confusion.matrix.tests\confusion.matrix.tests.csproj", "{5DE84167-4E31-4FB4-830A-7BB016906D4F}"
EndProject
Project("{FAE04EC0-301F-11D3-BF4B-00C04F79EFBC}") = "confusion.matrix.runner", "..\confusion.matrix.runner\confusion.matrix.runner.csproj", "{C961981B-BEED-4B6E-99C2-D27428483DAE}"
EndProject
Global
	GlobalSection(SolutionConfigurationPlatforms) = preSolution
		Debug|Any CPU = Debug|Any CPU
		Release|Any CPU = Release|Any CPU
	EndGlobalSection
	GlobalSection(ProjectConfigurationPlatforms) = postSolution
		{4252CA07-DFD3-43E9-9FEA-ECC3A60ABCBF}.Debug|Any CPU.ActiveCfg = Debug|Any CPU
		{4252CA07-DFD3-43E9-9FEA-ECC3A60ABCBF}.Debug|Any CPU.Build.0 = Debug|Any CPU
		{4252CA07-DFD3-43E9-9FEA-ECC3A60ABCBF}.Release|Any CPU.ActiveCfg = Release|Any CPU
		{4252CA07-DFD3-43E9-9FEA-ECC3A60ABCBF}.Release|Any CPU.Build.0 = Release|Any CPU
		{5DE84167-4E31-4FB4-830A-7BB016906D4F}.Debug|Any CPU.ActiveCfg = Debug|Any CPU
		{5DE84167-4E31-4FB4-830A-7BB016906D4F}.Debug|Any CPU.Build.0 = Debug|Any CPU
		{5DE84167-4E31-4FB4-830A-7BB016906D4F}.Release|Any CPU.ActiveCfg = Release|Any CPU
		{5DE84167-4E31-4FB4-830A-7BB016906D4F}.Release|Any CPU.Build.0 = Release|Any CPU
		{C961981B-BEED-4B6E-99C2-D27428483DAE}.Debug|Any CPU.ActiveCfg = Debug|Any CPU
		{C961981B-BEED-4B6E-99C2-D27428483DAE}.Debug|Any CPU.Build.0 = Debug|Any CPU
		{C961981B-BEED-4B6E-99C2-D27428483DAE}.Release|Any CPU.ActiveCfg = Release|Any CPU
		{C961981B-BEED-4B6E-99C2-D27428483DAE}.Release|Any CPU.Build.0 = Release|Any CPU
	EndGlobalSection
	GlobalSection(SolutionProperties) = preSolution
		HideSolutionNode = FALSE
	EndGlobalSection
	GlobalSection(ExtensibilityGlobals) = postSolution
		SolutionGuid = {AE847CC8-82D2-42AE-8B80-4048393FC727}
	EndGlobalSection
EndGlobal
